
Microsoft Visual Studio Solution File, Format Version 12.00
# Visual Studio 15
VisualStudioVersion = 15.0.28307.1259
MinimumVisualStudioVersion = 10.0.40219.1
Project("{FAE04EC0-301F-11D3-BF4B-00C04F79EFBC}") = "exp-3", "exp-3\exp-3.csproj", "{3C346129-293A-499F-B27F-7C10F2197EBF}"
EndProject
Global
	GlobalSection(SolutionConfigurationPlatforms) = preSolution
		Debug|Any CPU = Debug|Any CPU
		Release|Any CPU = Release|Any CPU
	EndGlobalSection
	GlobalSection(ProjectConfigurationPlatforms) = postSolution
		{3C346129-293A-499F-B27F-7C10F2197EBF}.Debug|Any CPU.ActiveCfg = Debug|Any CPU
		{3C346129-293A-499F-B27F-7C10F2197EBF}.Debug|Any CPU.Build.0 = Debug|Any CPU
		{3C346129-293A-499F-B27F-7C10F2197EBF}.Release|Any CPU.ActiveCfg = Release|Any CPU
		{3C346129-293A-499F-B27F-7C10F2197EBF}.Release|Any CPU.Build.0 = Release|Any CPU
	EndGlobalSection
	GlobalSection(SolutionProperties) = preSolution
		HideSolutionNode = FALSE
	EndGlobalSection
	GlobalSection(ExtensibilityGlobals) = postSolution
		SolutionGuid = {7D1ADAA6-6D64-49A6-B290-C3ACC94DD748}
	EndGlobalSection
EndGlobal
